
Microsoft Visual Studio Solution File, Format Version 12.00
# Visual Studio 15
VisualStudioVersion = 15.0.28010.2046
MinimumVisualStudioVersion = 10.0.40219.1
Project("{8BC9CEB8-8B4A-11D0-8D11-00A0C91BC942}") = "XML_general_importer", "XML_general_importer\XML_general_importer.vcxproj", "{EDA20981-8D1F-4C01-A2E1-FFAEB0D64AC8}"
EndProject
Project("{8BC9CEB8-8B4A-11D0-8D11-00A0C91BC942}") = "Example", "Example\Example.vcxproj", "{D1FC06EA-7410-4178-8754-3D9B01977E8F}"
EndProject
Global
	GlobalSection(SolutionConfigurationPlatforms) = preSolution
		Debug|x64 = Debug|x64
		Debug|x86 = Debug|x86
		Release|x64 = Release|x64
		Release|x86 = Release|x86
	EndGlobalSection
	GlobalSection(ProjectConfigurationPlatforms) = postSolution
		{EDA20981-8D1F-4C01-A2E1-FFAEB0D64AC8}.Debug|x64.ActiveCfg = Debug|x64
		{EDA20981-8D1F-4C01-A2E1-FFAEB0D64AC8}.Debug|x64.Build.0 = Debug|x64
		{EDA20981-8D1F-4C01-A2E1-FFAEB0D64AC8}.Debug|x86.ActiveCfg = Debug|Win32
		{EDA20981-8D1F-4C01-A2E1-FFAEB0D64AC8}.Debug|x86.Build.0 = Debug|Win32
		{EDA20981-8D1F-4C01-A2E1-FFAEB0D64AC8}.Release|x64.ActiveCfg = Release|x64
		{EDA20981-8D1F-4C01-A2E1-FFAEB0D64AC8}.Release|x64.Build.0 = Release|x64
		{EDA20981-8D1F-4C01-A2E1-FFAEB0D64AC8}.Release|x86.ActiveCfg = Release|Win32
		{EDA20981-8D1F-4C01-A2E1-FFAEB0D64AC8}.Release|x86.Build.0 = Release|Win32
		{D1FC06EA-7410-4178-8754-3D9B01977E8F}.Debug|x64.ActiveCfg = Debug|x64
		{D1FC06EA-7410-4178-8754-3D9B01977E8F}.Debug|x64.Build.0 = Debug|x64
		{D1FC06EA-7410-4178-8754-3D9B01977E8F}.Debug|x86.ActiveCfg = Debug|Win32
		{D1FC06EA-7410-4178-8754-3D9B01977E8F}.Debug|x86.Build.0 = Debug|Win32
		{D1FC06EA-7410-4178-8754-3D9B01977E8F}.Release|x64.ActiveCfg = Release|x64
		{D1FC06EA-7410-4178-8754-3D9B01977E8F}.Release|x64.Build.0 = Release|x64
		{D1FC06EA-7410-4178-8754-3D9B01977E8F}.Release|x86.ActiveCfg = Release|Win32
		{D1FC06EA-7410-4178-8754-3D9B01977E8F}.Release|x86.Build.0 = Release|Win32
	EndGlobalSection
	GlobalSection(SolutionProperties) = preSolution
		HideSolutionNode = FALSE
	EndGlobalSection
	GlobalSection(ExtensibilityGlobals) = postSolution
		SolutionGuid = {209F8746-A68C-41DE-9BCC-0179413DDD55}
	EndGlobalSection
EndGlobal
